
Microsoft Visual Studio Solution File, Format Version 12.00
# Visual Studio 15
VisualStudioVersion = 15.0.27428.1
MinimumVisualStudioVersion = 10.0.40219.1
Project("{FAE04EC0-301F-11D3-BF4B-00C04F79EFBC}") = "Web Store", "Web Store\Web Store.csproj", "{EC321A3C-7B15-4E3D-9AC5-B09AFB218628}"
EndProject
Global
	GlobalSection(SolutionConfigurationPlatforms) = preSolution
		Debug|Any CPU = Debug|Any CPU
		Release|Any CPU = Release|Any CPU
	EndGlobalSection
	GlobalSection(ProjectConfigurationPlatforms) = postSolution
		{EC321A3C-7B15-4E3D-9AC5-B09AFB218628}.Debug|Any CPU.ActiveCfg = Debug|Any CPU
		{EC321A3C-7B15-4E3D-9AC5-B09AFB218628}.Debug|Any CPU.Build.0 = Debug|Any CPU
		{EC321A3C-7B15-4E3D-9AC5-B09AFB218628}.Release|Any CPU.ActiveCfg = Release|Any CPU
		{EC321A3C-7B15-4E3D-9AC5-B09AFB218628}.Release|Any CPU.Build.0 = Release|Any CPU
	EndGlobalSection
	GlobalSection(SolutionProperties) = preSolution
		HideSolutionNode = FALSE
	EndGlobalSection
	GlobalSection(ExtensibilityGlobals) = postSolution
		SolutionGuid = {49567BF8-53C4-43B8-8A2F-C0410E20001E}
	EndGlobalSection
EndGlobal
